
Microsoft Visual Studio Solution File, Format Version 12.00
# Visual Studio 15
VisualStudioVersion = 15.0.28010.2048
MinimumVisualStudioVersion = 10.0.40219.1
Project("{FAE04EC0-301F-11D3-BF4B-00C04F79EFBC}") = "SFApiConsoleApp1", "SFApiConsoleApp1\SFApiConsoleApp1.csproj", "{6CA2E9FD-6667-4219-A873-D34A8612F69B}"
EndProject
Global
	GlobalSection(SolutionConfigurationPlatforms) = preSolution
		Debug|Any CPU = Debug|Any CPU
		Release|Any CPU = Release|Any CPU
	EndGlobalSection
	GlobalSection(ProjectConfigurationPlatforms) = postSolution
		{6CA2E9FD-6667-4219-A873-D34A8612F69B}.Debug|Any CPU.ActiveCfg = Debug|Any CPU
		{6CA2E9FD-6667-4219-A873-D34A8612F69B}.Debug|Any CPU.Build.0 = Debug|Any CPU
		{6CA2E9FD-6667-4219-A873-D34A8612F69B}.Release|Any CPU.ActiveCfg = Release|Any CPU
		{6CA2E9FD-6667-4219-A873-D34A8612F69B}.Release|Any CPU.Build.0 = Release|Any CPU
	EndGlobalSection
	GlobalSection(SolutionProperties) = preSolution
		HideSolutionNode = FALSE
	EndGlobalSection
	GlobalSection(ExtensibilityGlobals) = postSolution
		SolutionGuid = {1355B793-69AD-48DD-99EB-0CA3C17B3611}
	EndGlobalSection
EndGlobal
